github.com/bradfitz/gomemcache v0.0.0-20190913173617-a41fca850d0b h1:L/QXpzIa3pOvUGt1D1lA5KjYhPBAN/3iWdP7xeFS9F0=
github.com/bradfitz/gomemcache v0.0.0-20190913173617-a41fca850d0b/go.mod h1:H0wQNHz2YrLsuXOZozoeDmnHXkNCRmMW0gwFWDfEZDA=
github.com/fsnotify/fsnotify v1.4.7/go.mod h1:jwhsz4b93w/PPRr/qN1Yymfu8t87LnFCMoQvtojpjFo=
github.com/go-redis/redis/v7 v7.2.0 h1:CrCexy/jYWZjW0AyVoHlcJUeZN19VWlbepTh1Vq6dJs=
github.com/go-redis/redis/v7 v7.2.0/go.mod h1:JDNMw23GTyLNC4GZu9njt15ctBQVn7xjRfnwdHj/Dcg=
github.com/go-sql-driver/mysql v1.5.0 h1:ozyZYNQW3x3HtqT1jira07DN2PArx2v7/mN66gGcHOs=
github.com/go-sql-driver/mysql v1.5.0/go.mod h1:DCzpHaOWr8IXmIStZouvnhqoel9Qv2LBy8hT2VhHyBg=
github.com/golang/protobuf v1.2.0/go.mod h1:6lQm79b+lXiMfvg/cZm0SGofjICqVBUtrP5yJMmIC1U=
github.com/golang/protobuf v1.3.2/go.mod h1:6lQm79b+lXiMfvg/cZm0SGofjICqVBUtrP5yJMmIC1U=
github.com/hpcloud/tail v1.0.0/go.mod h1:ab1qPbhIpdTxEkNHXyeSf5vhxWSCs/tWer42PpOxQnU=
github.com/klauspost/compress v1.8.2 h1:Bx0qjetmNjdFXASH02NSAREKpiaDwkO1DRZ3dV2KCcs=
github.com/klauspost/compress v1.8.2/go.mod h1:RyIbtBH6LamlWaDj8nUwkbUhJ87Yi3uG0guNDohfE1A=
github.com/klauspost/cpuid v1.2.1 h1:vJi+O/nMdFt0vqm8NZBI6wzALWdA2X+egi0ogNyrC/w=
github.com/klauspost/cpuid v1.2.1/go.mod h1:Pj4uuM528wm8OyEC2QMXAi2YiTZ96dNQPGgoMS4s3ek=
github.com/kr/pretty v0.1.0/go.mod h1:dAy3ld7l9f0ibDNOQOHHMYYIIbhfbHSm3C4ZsoJORNo=
github.com/kr/pty v1.1.1/go.mod h1:pFQYn66WHrOpPYNljwOMqo10TkYh1fy3cYio2l3bCsQ=
github.com/kr/text v0.1.0/go.mod h1:4Jbv+DJW3UT/LiOwJeYQe1efqtUx/iVham/4vfdArNI=
github.com/lib/pq v1.3.0 h1:/qkRGz8zljWiDcFvgpwUpwIAPu3r07TDvs3Rws+o/pU=
github.com/lib/pq v1.3.0/go.mod h1:5WUZQaWbwv1U+lTReE5YruASi9Al49XbQIvNi/34Woo=
github.com/mattn/go-sqlite3 v2.0.3+incompatible h1:gXHsfypPkaMZrKbD5209QV9jbUTJKjyR5WD3HYQSd+U=
github.com/mattn/go-sqlite3 v2.0.3+incompatible/go.mod h1:FPy6KqzDD04eiIsT53CuJW3U88zkxoIYsOqkbpncsNc=
github.com/onsi/ginkgo v1.6.0/go.mod h1:lLunBs/Ym6LB5Z9jYTR76FiuTmxDTDusOGeTQH+WWjE=
github.com/onsi/ginkgo v1.10.1/go.mod h1:lLunBs/Ym6LB5Z9jYTR76FiuTmxDTDusOGeTQH+WWjE=
github.com/onsi/gomega v1.7.0/go.mod h1:ex+gbHU/CVuBBDIJjb2X0qEXbFg53c61hWP/1CpauHY=
github.com/philhofer/fwd v1.0.0 h1:UbZqGr5Y38ApvM/V/jEljVxwocdweyH+vmYvRPBnbqQ=
github.com/philhofer/fwd v1.0.0/go.mod h1:gk3iGcWd9+svBvR0sR+KPcfE+RNWozjowpeBVG3ZVNU=
github.com/savsgio/dictpool v0.0.0-20200414074025-215dfcb77c2c h1:EVgT3hCwdDn/HmAmzRLEAoK2qHhcO8AD22AvPAE1/mk=
github.com/savsgio/dictpool v0.0.0-20200414074025-215dfcb77c2c/go.mod h1:InhUgunRRHK3vhg8YZHIRnxyoQGvGxwOE1p55leevWU=
github.com/savsgio/gotils v0.0.0-20200413113635-8c468ce75cca h1:Qe7Mtuhjkk38HVpRtvWdziZJcwG3Qup1mfyvyOrcnyM=
github.com/savsgio/gotils v0.0.0-20200413113635-8c468ce75cca/go.mod h1:TWNAOTaVzGOXq8RbEvHnhzA/A2sLZzgn0m6URjnukY8=
github.com/tinylib/msgp v1.1.2 h1:gWmO7n0Ys2RBEb7GPYB9Ujq8Mk5p2U08lRnmMcGy6BQ=
github.com/tinylib/msgp v1.1.2/go.mod h1:+d+yLhGm8mzTaHzB+wgMYrodPfmZrzkirds8fDWklFE=
github.com/valyala/bytebufferpool v1.0.0 h1:GqA5TC/0021Y/b9FG4Oi9Mr3q7XYx6KllzawFIhcdPw=
github.com/valyala/bytebufferpool v1.0.0/go.mod h1:6bBcMArwyJ5K/AmCkWv1jt77kVWyCJ6HpOuEn7z0Csc=
github.com/valyala/fasthttp v1.9.0 h1:hNpmUdy/+ZXYpGy0OBfm7K0UQTzb73W0T0U4iJIVrMw=
github.com/valyala/fasthttp v1.9.0/go.mod h1:FstJa9V+Pj9vQ7OJie2qMHdwemEDaDiSdBnvPM1Su9w=
github.com/valyala/tcplisten v0.0.0-20161114210144-ceec8f93295a/go.mod h1:v3UYOV9WzVtRmSR+PDvWpU/qWl4Wa5LApYYX4ZtKbio=
golang.org/x/crypto v0.0.0-20190308221718-c2843e01d9a2/go.mod h1:djNgcEr1/C05ACkg1iLfiJU5Ep61QUkGW8qpdssI0+w=
golang.org/x/net v0.0.0-20180906233101-161cd47e91fd/go.mod h1:mL1N/T3taQHkDXs73rZJwtUhF3w3ftmwwsq0BUmARs4=
golang.org/x/net v0.0.0-20190827160401-ba9fcec4b297/go.mod h1:z5CRVTTTmAJ677TzLLGU+0bjPO0LkuOLi4/5GtJWs/s=
golang.org/x/net v0.0.0-20190923162816-aa69164e4478/go.mod h1:z5CRVTTTmAJ677TzLLGU+0bjPO0LkuOLi4/5GtJWs/s=
golang.org/x/sync v0.0.0-20180314180146-1d60e4601c6f/go.mod h1:RxMgew5VJxzue5/jJTE5uejpjVlOe/izrB70Jof72aM=
golang.org/x/sys v0.0.0-20180909124046-d0be0721c37e/go.mod h1:STP8DvDyc/dI5b8T5hshtkjS+E42TnysNCUPdjciGhY=
golang.org/x/sys v0.0.0-20190215142949-d0b11bdaac8a/go.mod h1:STP8DvDyc/dI5b8T5hshtkjS+E42TnysNCUPdjciGhY=
golang.org/x/sys v0.0.0-20191010194322-b09406accb47/go.mod h1:h1NjWce9XRLGQEsW7wpKNCjG9DtNlClVuFLEZdDNbEs=
golang.org/x/text v0.3.0/go.mod h1:NqM8EUOU14njkJ3fqMW+pc6Ldnwhi/IjpwHt7yyuwOQ=
golang.org/x/text v0.3.2/go.mod h1:bEr9sfX3Q8Zfm5fL9x+3itogRgK3+ptLWKqgva+5dAk=
golang.org/x/tools v0.0.0-20180917221912-90fa682c2a6e/go.mod h1:n7NCudcB/nEzxVGmLbDWY5pfWTLqBcC2KZ6jyYvM4mQ=
gopkg.in/check.v1 v0.0.0-20161208181325-20d25e280405/go.mod h1:Co6ibVJAznAaIkqp8huTwlJQCZ016jof/cbN4VW5Yz0=
gopkg.in/check.v1 v1.0.0-20190902080502-41f04d3bba15/go.mod h1:Co6ibVJAznAaIkqp8huTwlJQCZ016jof/cbN4VW5Yz0=
gopkg.in/fsnotify.v1 v1.4.7/go.mod h1:Tz8NjZHkW78fSQdbUxIjBTcgA1z1m8ZHf0WmKUhAMys=
gopkg.in/tomb.v1 v1.0.0-20141024135613-dd632973f1e7/go.mod h1:dt/ZhP58zS4L8KSrWDmTeBkI65Dw0HsyUHuEVlX15mw=
gopkg.in/yaml.v2 v2.2.1/go.mod h1:hI93XBmqTisBFMUTm0b8Fm+jr3Dg1NNxqwp+5A1VGuI=
gopkg.in/yaml.v2 v2.2.4/go.mod h1:hI93XBmqTisBFMUTm0b8Fm+jr3Dg1NNxqwp+5A1VGuI=
