github.com/bradfitz/gomemcache v0.0.0-20190329173943-551aad21a668 h1:U/lr3Dgy4WK+hNk4tyD+nuGjpVLPEHuJSFXMw11/HPA=
github.com/bradfitz/gomemcache v0.0.0-20190329173943-551aad21a668/go.mod h1:H0wQNHz2YrLsuXOZozoeDmnHXkNCRmMW0gwFWDfEZDA=
github.com/go-redis/redis v6.15.2+incompatible h1:9SpNVG76gr6InJGxoZ6IuuxaCOQwDAhzyXg+Bs+0Sb4=
github.com/go-redis/redis v6.15.2+incompatible/go.mod h1:NAIEuMOZ/fxfXJIrKDQDz8wamY7mA7PouImQ2Jvg6kA=
github.com/go-sql-driver/mysql v1.4.1 h1:g24URVg0OFbNUTx9qqY1IRZ9D9z3iPyi5zKhQZpNwpA=
github.com/go-sql-driver/mysql v1.4.1/go.mod h1:zAC/RDZ24gD3HViQzih4MyKcchzm+sOG5ZlKdlhCg5w=
github.com/klauspost/compress v1.8.2 h1:Bx0qjetmNjdFXASH02NSAREKpiaDwkO1DRZ3dV2KCcs=
github.com/klauspost/compress v1.8.2/go.mod h1:RyIbtBH6LamlWaDj8nUwkbUhJ87Yi3uG0guNDohfE1A=
github.com/klauspost/cpuid v1.2.1 h1:vJi+O/nMdFt0vqm8NZBI6wzALWdA2X+egi0ogNyrC/w=
github.com/klauspost/cpuid v1.2.1/go.mod h1:Pj4uuM528wm8OyEC2QMXAi2YiTZ96dNQPGgoMS4s3ek=
github.com/lib/pq v1.1.1 h1:sJZmqHoEaY7f+NPP8pgLB/WxulyR3fewgCM2qaSlBb4=
github.com/lib/pq v1.1.1/go.mod h1:5WUZQaWbwv1U+lTReE5YruASi9Al49XbQIvNi/34Woo=
github.com/mattn/go-sqlite3 v1.10.0 h1:jbhqpg7tQe4SupckyijYiy0mJJ/pRyHvXf7JdWK860o=
github.com/mattn/go-sqlite3 v1.10.0/go.mod h1:FPy6KqzDD04eiIsT53CuJW3U88zkxoIYsOqkbpncsNc=
github.com/philhofer/fwd v1.0.0 h1:UbZqGr5Y38ApvM/V/jEljVxwocdweyH+vmYvRPBnbqQ=
github.com/philhofer/fwd v1.0.0/go.mod h1:gk3iGcWd9+svBvR0sR+KPcfE+RNWozjowpeBVG3ZVNU=
github.com/savsgio/dictpool v0.0.0-20190520082730-f67dc23f36f5 h1:9/Wx/vM3P4nxjyIxKI8tOqFo0s+ntRRWU5x89NVoXPk=
github.com/savsgio/dictpool v0.0.0-20190520082730-f67dc23f36f5/go.mod h1:FDLIA54/b7VIrnjQa/+LUA3chfQYFczZPRBSm85FUt8=
github.com/savsgio/gotils v0.0.0-20190409142739-e36d23089e10/go.mod h1:w803/Fg1m0hrp1ZT9KNfQe4E4+WOMMFLcgzPvOcye10=
github.com/savsgio/gotils v0.0.0-20190916070828-81aa83d987e6 h1:DLvMOjXHfk35+KC8JyEfcXTdHh3I250MiOC5Tle5ZcE=
github.com/savsgio/gotils v0.0.0-20190916070828-81aa83d987e6/go.mod h1:lHhJedqxCoHN+zMtwGNTXWmF0u9Jt363FYRhV6g0CdY=
github.com/tinylib/msgp v1.1.0 h1:9fQd+ICuRIu/ue4vxJZu6/LzxN0HwMds2nq/0cFvxHU=
github.com/tinylib/msgp v1.1.0/go.mod h1:+d+yLhGm8mzTaHzB+wgMYrodPfmZrzkirds8fDWklFE=
github.com/valyala/bytebufferpool v1.0.0 h1:GqA5TC/0021Y/b9FG4Oi9Mr3q7XYx6KllzawFIhcdPw=
github.com/valyala/bytebufferpool v1.0.0/go.mod h1:6bBcMArwyJ5K/AmCkWv1jt77kVWyCJ6HpOuEn7z0Csc=
github.com/valyala/fasthttp v1.5.0 h1:dhq+O9pmNZFF6qAXpasMO1xSm7dL4qEz2ylfZN8BG9w=
github.com/valyala/fasthttp v1.5.0/go.mod h1:eriCz9OhZjKCGfJ185a/IDgNl0bg9IbzfpcslMZXU1c=
github.com/valyala/tcplisten v0.0.0-20161114210144-ceec8f93295a/go.mod h1:v3UYOV9WzVtRmSR+PDvWpU/qWl4Wa5LApYYX4ZtKbio=
golang.org/x/crypto v0.0.0-20190308221718-c2843e01d9a2/go.mod h1:djNgcEr1/C05ACkg1iLfiJU5Ep61QUkGW8qpdssI0+w=
golang.org/x/net v0.0.0-20190827160401-ba9fcec4b297/go.mod h1:z5CRVTTTmAJ677TzLLGU+0bjPO0LkuOLi4/5GtJWs/s=
golang.org/x/sys v0.0.0-20190215142949-d0b11bdaac8a/go.mod h1:STP8DvDyc/dI5b8T5hshtkjS+E42TnysNCUPdjciGhY=
golang.org/x/text v0.3.0/go.mod h1:NqM8EUOU14njkJ3fqMW+pc6Ldnwhi/IjpwHt7yyuwOQ=
