# This file is autogenerated, do not edit; changes may be undone by the next 'dep ensure'.


[[projects]]
  branch = "master"
  digest = "1:f98385a9b77f6cacae716a59c04e6ac374d101466d4369c4e8cc706a39c4bb2e"
  name = "github.com/bradfitz/gomemcache"
  packages = ["memcache"]
  pruneopts = "UT"
  revision = "bc664df9673713a0ccf26e3b55a673ec7301088b"

[[projects]]
  branch = "master"
  digest = "1:683fecd68efcf2fb7507f0cec0feb9d910e8e68634548143d4bb73a8009003e4"
  name = "github.com/fasthttp/router"
  packages = ["."]
  pruneopts = "UT"
  revision = "3ce280e73139a37a6693625fb7f0b50352c14fd6"

[[projects]]
  digest = "1:7c2fd446293ff7799cc496d3446e674ee67902d119f244de645caf95dff1bb98"
  name = "github.com/go-redis/redis"
  packages = [
    ".",
    "internal",
    "internal/consistenthash",
    "internal/hashtag",
    "internal/pool",
    "internal/proto",
    "internal/singleflight",
    "internal/util",
  ]
  pruneopts = "UT"
  revision = "f3bba01df2026fc865f7782948845db9cf44cf23"
  version = "v6.14.1"

[[projects]]
  digest = "1:adea5a94903eb4384abef30f3d878dc9ff6b6b5b0722da25b82e5169216dfb61"
  name = "github.com/go-sql-driver/mysql"
  packages = ["."]
  pruneopts = "UT"
  revision = "d523deb1b23d913de5bdada721a6071e71283618"
  version = "v1.4.0"

[[projects]]
  digest = "1:cdbed6a7b574b13bbabcd8c36c5be56d6444789bab21fcd37d39655eab0b2141"
  name = "github.com/klauspost/compress"
  packages = [
    "flate",
    "gzip",
    "zlib",
  ]
  pruneopts = "UT"
  revision = "b939724e787a27c0005cabe3f78e7ed7987ac74f"
  version = "v1.4.0"

[[projects]]
  digest = "1:4ea0668d490ca32a38366453a486e2e8c60fbdaf1f2607c96b4a093d8a5c8de7"
  name = "github.com/klauspost/cpuid"
  packages = ["."]
  pruneopts = "UT"
  revision = "ae7887de9fa5d2db4eaa8174a7eff2c1ac00f2da"
  version = "v1.1"

[[projects]]
  digest = "1:8ef506fc2bb9ced9b151dafa592d4046063d744c646c1bbe801982ce87e4bc24"
  name = "github.com/lib/pq"
  packages = [
    ".",
    "oid",
  ]
  pruneopts = "UT"
  revision = "4ded0e9383f75c197b3a2aaa6d590ac52df6fd79"
  version = "v1.0.0"

[[projects]]
  digest = "1:3cafc6a5a1b8269605d9df4c6956d43d8011fc57f266ca6b9d04da6c09dee548"
  name = "github.com/mattn/go-sqlite3"
  packages = ["."]
  pruneopts = "UT"
  revision = "25ecb14adfc7543176f7d85291ec7dba82c6f7e4"
  version = "v1.9.0"

[[projects]]
  digest = "1:5e73b34a27d827212102605789de00bd411b2e434812133c83935fe9897c75e1"
  name = "github.com/philhofer/fwd"
  packages = ["."]
  pruneopts = "UT"
  revision = "bb6d471dc95d4fe11e432687f8b70ff496cf3136"
  version = "v1.0.0"

[[projects]]
  branch = "master"
  digest = "1:a460d3687f30698a6eee5fb3bb650f150a16e116297a6e0e5820b6bfd8d2f18a"
  name = "github.com/savsgio/dictpool"
  packages = ["."]
  pruneopts = "UT"
  revision = "23d839fd98a74765a4fcb706a2d05287bef1a3c5"

[[projects]]
  branch = "master"
  digest = "1:de6998592598aa7b44cd984d3ca08cfc541a90fdafe0f58a683cbd1f05f593e3"
  name = "github.com/savsgio/gotils"
  packages = [
    ".",
    "dao",
  ]
  pruneopts = "UT"
  revision = "3c5ca22740af22a0a38d3ec485fd4c44f7e003df"

[[projects]]
  branch = "master"
  digest = "1:3cb6dfe7cdece5716b1c3c3c0b5faf7fce2e83e2758e2baad2e9986d101980b8"
  name = "github.com/tinylib/msgp"
  packages = ["msgp"]
  pruneopts = "UT"
  revision = "f65876d3ea05943d6613bca6b8ed391843044bd4"

[[projects]]
  digest = "1:c468422f334a6b46a19448ad59aaffdfc0a36b08fdcc1c749a0b29b6453d7e59"
  name = "github.com/valyala/bytebufferpool"
  packages = ["."]
  pruneopts = "UT"
  revision = "e746df99fe4a3986f4d4f79e13c1e0117ce9c2f7"
  version = "v1.0.0"

[[projects]]
  branch = "master"
  digest = "1:04f09ce9dfdf7a7a7b8fb6be2b94a76a48ee1250f30b609cce89d9adfebdc47a"
  name = "github.com/valyala/fasthttp"
  packages = [
    ".",
    "fasthttputil",
    "stackless",
  ]
  pruneopts = "UT"
  revision = "996610f021ff45fdc98c2ce7884d5fa4e7f9199b"

[[projects]]
  branch = "master"
  digest = "1:b771be9bc5e963563bbed466478f465ffcf841958210387faa9e80067a0e5e7f"
  name = "github.com/valyala/fastrand"
  packages = ["."]
  pruneopts = "UT"
  revision = "19dd0f0bf014a807b05fd196f4da235af618fc94"

[[projects]]
  digest = "1:c25289f43ac4a68d88b02245742347c94f1e108c534dda442188015ff80669b3"
  name = "google.golang.org/appengine"
  packages = ["cloudsql"]
  pruneopts = "UT"
  revision = "ae0ab99deb4dc413a2b4bd6c8bdd0eb67f1e4d06"
  version = "v1.2.0"

[solve-meta]
  analyzer-name = "dep"
  analyzer-version = 1
  input-imports = [
    "github.com/bradfitz/gomemcache/memcache",
    "github.com/fasthttp/router",
    "github.com/go-redis/redis",
    "github.com/go-sql-driver/mysql",
    "github.com/lib/pq",
    "github.com/mattn/go-sqlite3",
    "github.com/savsgio/dictpool",
    "github.com/savsgio/gotils",
    "github.com/savsgio/gotils/dao",
    "github.com/valyala/bytebufferpool",
    "github.com/valyala/fasthttp",
    "github.com/valyala/fastrand",
  ]
  solver-name = "gps-cdcl"
  solver-version = 1
